
Microsoft Visual Studio Solution File, Format Version 12.00
# Visual Studio Version 17
VisualStudioVersion = 17.7.34221.43
MinimumVisualStudioVersion = 10.0.40219.1
Project("{FAE04EC0-301F-11D3-BF4B-00C04F79EFBC}") = "15. Top Integers", "15. Top Integers\15. Top Integers.csproj", "{08875812-A061-4C4E-93B8-CC0DF2113B17}"
EndProject
Global
	GlobalSection(SolutionConfigurationPlatforms) = preSolution
		Debug|Any CPU = Debug|Any CPU
		Release|Any CPU = Release|Any CPU
	EndGlobalSection
	GlobalSection(ProjectConfigurationPlatforms) = postSolution
		{08875812-A061-4C4E-93B8-CC0DF2113B17}.Debug|Any CPU.ActiveCfg = Debug|Any CPU
		{08875812-A061-4C4E-93B8-CC0DF2113B17}.Debug|Any CPU.Build.0 = Debug|Any CPU
		{08875812-A061-4C4E-93B8-CC0DF2113B17}.Release|Any CPU.ActiveCfg = Release|Any CPU
		{08875812-A061-4C4E-93B8-CC0DF2113B17}.Release|Any CPU.Build.0 = Release|Any CPU
	EndGlobalSection
	GlobalSection(SolutionProperties) = preSolution
		HideSolutionNode = FALSE
	EndGlobalSection
	GlobalSection(ExtensibilityGlobals) = postSolution
		SolutionGuid = {F162B188-43B8-415F-BFD9-52D93E318EF3}
	EndGlobalSection
EndGlobal
