
Microsoft Visual Studio Solution File, Format Version 12.00
# Visual Studio Version 17
VisualStudioVersion = 17.7.34202.233
MinimumVisualStudioVersion = 10.0.40219.1
Project("{FAE04EC0-301F-11D3-BF4B-00C04F79EFBC}") = "09. Letter Combinations", "09. Letter Combinations\09. Letter Combinations.csproj", "{170732AC-A393-4AD3-A294-7102FCC167F2}"
EndProject
Global
	GlobalSection(SolutionConfigurationPlatforms) = preSolution
		Debug|Any CPU = Debug|Any CPU
		Release|Any CPU = Release|Any CPU
	EndGlobalSection
	GlobalSection(ProjectConfigurationPlatforms) = postSolution
		{170732AC-A393-4AD3-A294-7102FCC167F2}.Debug|Any CPU.ActiveCfg = Debug|Any CPU
		{170732AC-A393-4AD3-A294-7102FCC167F2}.Debug|Any CPU.Build.0 = Debug|Any CPU
		{170732AC-A393-4AD3-A294-7102FCC167F2}.Release|Any CPU.ActiveCfg = Release|Any CPU
		{170732AC-A393-4AD3-A294-7102FCC167F2}.Release|Any CPU.Build.0 = Release|Any CPU
	EndGlobalSection
	GlobalSection(SolutionProperties) = preSolution
		HideSolutionNode = FALSE
	EndGlobalSection
	GlobalSection(ExtensibilityGlobals) = postSolution
		SolutionGuid = {86DB7857-C721-4776-BA43-4F49AA6351D8}
	EndGlobalSection
EndGlobal
