
Microsoft Visual Studio Solution File, Format Version 12.00
# Visual Studio Version 17
VisualStudioVersion = 17.7.34221.43
MinimumVisualStudioVersion = 10.0.40219.1
Project("{FAE04EC0-301F-11D3-BF4B-00C04F79EFBC}") = "10. Zig-Zag Arrays", "10. Zig-Zag Arrays\10. Zig-Zag Arrays.csproj", "{A33024D5-C543-40FA-A5B3-A78B48B2792E}"
EndProject
Global
	GlobalSection(SolutionConfigurationPlatforms) = preSolution
		Debug|Any CPU = Debug|Any CPU
		Release|Any CPU = Release|Any CPU
	EndGlobalSection
	GlobalSection(ProjectConfigurationPlatforms) = postSolution
		{A33024D5-C543-40FA-A5B3-A78B48B2792E}.Debug|Any CPU.ActiveCfg = Debug|Any CPU
		{A33024D5-C543-40FA-A5B3-A78B48B2792E}.Debug|Any CPU.Build.0 = Debug|Any CPU
		{A33024D5-C543-40FA-A5B3-A78B48B2792E}.Release|Any CPU.ActiveCfg = Release|Any CPU
		{A33024D5-C543-40FA-A5B3-A78B48B2792E}.Release|Any CPU.Build.0 = Release|Any CPU
	EndGlobalSection
	GlobalSection(SolutionProperties) = preSolution
		HideSolutionNode = FALSE
	EndGlobalSection
	GlobalSection(ExtensibilityGlobals) = postSolution
		SolutionGuid = {9EB63A36-E012-4DEB-92EF-920E83134B29}
	EndGlobalSection
EndGlobal
