
Microsoft Visual Studio Solution File, Format Version 12.00
# Visual Studio Version 17
VisualStudioVersion = 17.7.34202.233
MinimumVisualStudioVersion = 10.0.40219.1
Project("{FAE04EC0-301F-11D3-BF4B-00C04F79EFBC}") = "05. Printing Triangle", "05. Printing Triangle\05. Printing Triangle.csproj", "{83B09421-E36B-4831-9E57-E817D41E2468}"
EndProject
Global
	GlobalSection(SolutionConfigurationPlatforms) = preSolution
		Debug|Any CPU = Debug|Any CPU
		Release|Any CPU = Release|Any CPU
	EndGlobalSection
	GlobalSection(ProjectConfigurationPlatforms) = postSolution
		{83B09421-E36B-4831-9E57-E817D41E2468}.Debug|Any CPU.ActiveCfg = Debug|Any CPU
		{83B09421-E36B-4831-9E57-E817D41E2468}.Debug|Any CPU.Build.0 = Debug|Any CPU
		{83B09421-E36B-4831-9E57-E817D41E2468}.Release|Any CPU.ActiveCfg = Release|Any CPU
		{83B09421-E36B-4831-9E57-E817D41E2468}.Release|Any CPU.Build.0 = Release|Any CPU
	EndGlobalSection
	GlobalSection(SolutionProperties) = preSolution
		HideSolutionNode = FALSE
	EndGlobalSection
	GlobalSection(ExtensibilityGlobals) = postSolution
		SolutionGuid = {D040B599-F580-453C-B6D8-0DD32ED84CEE}
	EndGlobalSection
EndGlobal
