
Microsoft Visual Studio Solution File, Format Version 12.00
# Visual Studio Version 17
VisualStudioVersion = 17.7.34221.43
MinimumVisualStudioVersion = 10.0.40219.1
Project("{FAE04EC0-301F-11D3-BF4B-00C04F79EFBC}") = "09. Calculate Average Grade", "09. Calculate Average Grade\09. Calculate Average Grade.csproj", "{76F7FB23-6E4B-4442-BC66-D2D559C7C464}"
EndProject
Global
	GlobalSection(SolutionConfigurationPlatforms) = preSolution
		Debug|Any CPU = Debug|Any CPU
		Release|Any CPU = Release|Any CPU
	EndGlobalSection
	GlobalSection(ProjectConfigurationPlatforms) = postSolution
		{76F7FB23-6E4B-4442-BC66-D2D559C7C464}.Debug|Any CPU.ActiveCfg = Debug|Any CPU
		{76F7FB23-6E4B-4442-BC66-D2D559C7C464}.Debug|Any CPU.Build.0 = Debug|Any CPU
		{76F7FB23-6E4B-4442-BC66-D2D559C7C464}.Release|Any CPU.ActiveCfg = Release|Any CPU
		{76F7FB23-6E4B-4442-BC66-D2D559C7C464}.Release|Any CPU.Build.0 = Release|Any CPU
	EndGlobalSection
	GlobalSection(SolutionProperties) = preSolution
		HideSolutionNode = FALSE
	EndGlobalSection
	GlobalSection(ExtensibilityGlobals) = postSolution
		SolutionGuid = {16F17F35-6712-4F8C-AF21-BE13E790A7E5}
	EndGlobalSection
EndGlobal
