
Microsoft Visual Studio Solution File, Format Version 12.00
# Visual Studio Version 17
VisualStudioVersion = 17.7.34202.233
MinimumVisualStudioVersion = 10.0.40219.1
Project("{FAE04EC0-301F-11D3-BF4B-00C04F79EFBC}") = "07. Sum of Digits Calculator", "07. Sum of Digits Calculator\07. Sum of Digits Calculator.csproj", "{3DF35520-1DD0-4C5A-BE6F-2A8BDF3893F2}"
EndProject
Global
	GlobalSection(SolutionConfigurationPlatforms) = preSolution
		Debug|Any CPU = Debug|Any CPU
		Release|Any CPU = Release|Any CPU
	EndGlobalSection
	GlobalSection(ProjectConfigurationPlatforms) = postSolution
		{3DF35520-1DD0-4C5A-BE6F-2A8BDF3893F2}.Debug|Any CPU.ActiveCfg = Debug|Any CPU
		{3DF35520-1DD0-4C5A-BE6F-2A8BDF3893F2}.Debug|Any CPU.Build.0 = Debug|Any CPU
		{3DF35520-1DD0-4C5A-BE6F-2A8BDF3893F2}.Release|Any CPU.ActiveCfg = Release|Any CPU
		{3DF35520-1DD0-4C5A-BE6F-2A8BDF3893F2}.Release|Any CPU.Build.0 = Release|Any CPU
	EndGlobalSection
	GlobalSection(SolutionProperties) = preSolution
		HideSolutionNode = FALSE
	EndGlobalSection
	GlobalSection(ExtensibilityGlobals) = postSolution
		SolutionGuid = {B73C6E07-D4DC-4C1D-8522-82440256ED7B}
	EndGlobalSection
EndGlobal
