
Microsoft Visual Studio Solution File, Format Version 12.00
# Visual Studio Version 17
VisualStudioVersion = 17.7.34031.279
MinimumVisualStudioVersion = 10.0.40219.1
Project("{FAE04EC0-301F-11D3-BF4B-00C04F79EFBC}") = "08.AccountBalance", "08.AccountBalance\08.AccountBalance.csproj", "{503F6012-CD7B-4430-AE5C-FF0E19102701}"
EndProject
Global
	GlobalSection(SolutionConfigurationPlatforms) = preSolution
		Debug|Any CPU = Debug|Any CPU
		Release|Any CPU = Release|Any CPU
	EndGlobalSection
	GlobalSection(ProjectConfigurationPlatforms) = postSolution
		{503F6012-CD7B-4430-AE5C-FF0E19102701}.Debug|Any CPU.ActiveCfg = Debug|Any CPU
		{503F6012-CD7B-4430-AE5C-FF0E19102701}.Debug|Any CPU.Build.0 = Debug|Any CPU
		{503F6012-CD7B-4430-AE5C-FF0E19102701}.Release|Any CPU.ActiveCfg = Release|Any CPU
		{503F6012-CD7B-4430-AE5C-FF0E19102701}.Release|Any CPU.Build.0 = Release|Any CPU
	EndGlobalSection
	GlobalSection(SolutionProperties) = preSolution
		HideSolutionNode = FALSE
	EndGlobalSection
	GlobalSection(ExtensibilityGlobals) = postSolution
		SolutionGuid = {66CCC6D1-7071-47E5-B336-1FCA1FB00D1F}
	EndGlobalSection
EndGlobal
