
Microsoft Visual Studio Solution File, Format Version 12.00
# Visual Studio Version 17
VisualStudioVersion = 17.7.34202.233
MinimumVisualStudioVersion = 10.0.40219.1
Project("{FAE04EC0-301F-11D3-BF4B-00C04F79EFBC}") = "11. Happy Numbers", "11. Happy Numbers\11. Happy Numbers.csproj", "{F6553B8D-28DD-4644-A87A-B2A562CD7CDE}"
EndProject
Global
	GlobalSection(SolutionConfigurationPlatforms) = preSolution
		Debug|Any CPU = Debug|Any CPU
		Release|Any CPU = Release|Any CPU
	EndGlobalSection
	GlobalSection(ProjectConfigurationPlatforms) = postSolution
		{F6553B8D-28DD-4644-A87A-B2A562CD7CDE}.Debug|Any CPU.ActiveCfg = Debug|Any CPU
		{F6553B8D-28DD-4644-A87A-B2A562CD7CDE}.Debug|Any CPU.Build.0 = Debug|Any CPU
		{F6553B8D-28DD-4644-A87A-B2A562CD7CDE}.Release|Any CPU.ActiveCfg = Release|Any CPU
		{F6553B8D-28DD-4644-A87A-B2A562CD7CDE}.Release|Any CPU.Build.0 = Release|Any CPU
	EndGlobalSection
	GlobalSection(SolutionProperties) = preSolution
		HideSolutionNode = FALSE
	EndGlobalSection
	GlobalSection(ExtensibilityGlobals) = postSolution
		SolutionGuid = {25305072-46AA-4E82-A7BF-062D6694F796}
	EndGlobalSection
EndGlobal
