
Microsoft Visual Studio Solution File, Format Version 12.00
# Visual Studio Version 17
VisualStudioVersion = 17.7.34202.233
MinimumVisualStudioVersion = 10.0.40219.1
Project("{FAE04EC0-301F-11D3-BF4B-00C04F79EFBC}") = "03. Reverse an Array", "03. Reverse an Array\03. Reverse an Array.csproj", "{53690122-7B28-4570-9FC4-7F5A5B0DAD31}"
EndProject
Global
	GlobalSection(SolutionConfigurationPlatforms) = preSolution
		Debug|Any CPU = Debug|Any CPU
		Release|Any CPU = Release|Any CPU
	EndGlobalSection
	GlobalSection(ProjectConfigurationPlatforms) = postSolution
		{53690122-7B28-4570-9FC4-7F5A5B0DAD31}.Debug|Any CPU.ActiveCfg = Debug|Any CPU
		{53690122-7B28-4570-9FC4-7F5A5B0DAD31}.Debug|Any CPU.Build.0 = Debug|Any CPU
		{53690122-7B28-4570-9FC4-7F5A5B0DAD31}.Release|Any CPU.ActiveCfg = Release|Any CPU
		{53690122-7B28-4570-9FC4-7F5A5B0DAD31}.Release|Any CPU.Build.0 = Release|Any CPU
	EndGlobalSection
	GlobalSection(SolutionProperties) = preSolution
		HideSolutionNode = FALSE
	EndGlobalSection
	GlobalSection(ExtensibilityGlobals) = postSolution
		SolutionGuid = {C2E08AB3-4836-430C-B4C9-948DD95B47AB}
	EndGlobalSection
EndGlobal
