
Microsoft Visual Studio Solution File, Format Version 12.00
# Visual Studio Version 17
VisualStudioVersion = 17.7.34202.233
MinimumVisualStudioVersion = 10.0.40219.1
Project("{FAE04EC0-301F-11D3-BF4B-00C04F79EFBC}") = "03. Triangle of Stars", "03. Triangle of Stars\03. Triangle of Stars.csproj", "{4E28C0F8-5580-47F9-A069-4CCCB1944CB6}"
EndProject
Global
	GlobalSection(SolutionConfigurationPlatforms) = preSolution
		Debug|Any CPU = Debug|Any CPU
		Release|Any CPU = Release|Any CPU
	EndGlobalSection
	GlobalSection(ProjectConfigurationPlatforms) = postSolution
		{4E28C0F8-5580-47F9-A069-4CCCB1944CB6}.Debug|Any CPU.ActiveCfg = Debug|Any CPU
		{4E28C0F8-5580-47F9-A069-4CCCB1944CB6}.Debug|Any CPU.Build.0 = Debug|Any CPU
		{4E28C0F8-5580-47F9-A069-4CCCB1944CB6}.Release|Any CPU.ActiveCfg = Release|Any CPU
		{4E28C0F8-5580-47F9-A069-4CCCB1944CB6}.Release|Any CPU.Build.0 = Release|Any CPU
	EndGlobalSection
	GlobalSection(SolutionProperties) = preSolution
		HideSolutionNode = FALSE
	EndGlobalSection
	GlobalSection(ExtensibilityGlobals) = postSolution
		SolutionGuid = {FC9E7D8F-9D17-49BD-8099-FB78F2911AA6}
	EndGlobalSection
EndGlobal
