
Microsoft Visual Studio Solution File, Format Version 12.00
# Visual Studio Version 17
VisualStudioVersion = 17.7.34221.43
MinimumVisualStudioVersion = 10.0.40219.1
Project("{FAE04EC0-301F-11D3-BF4B-00C04F79EFBC}") = "15. Middle Elements", "15. Middle Elements\15. Middle Elements.csproj", "{60144199-D9A9-4C60-A323-91D1132C1F69}"
EndProject
Global
	GlobalSection(SolutionConfigurationPlatforms) = preSolution
		Debug|Any CPU = Debug|Any CPU
		Release|Any CPU = Release|Any CPU
	EndGlobalSection
	GlobalSection(ProjectConfigurationPlatforms) = postSolution
		{60144199-D9A9-4C60-A323-91D1132C1F69}.Debug|Any CPU.ActiveCfg = Debug|Any CPU
		{60144199-D9A9-4C60-A323-91D1132C1F69}.Debug|Any CPU.Build.0 = Debug|Any CPU
		{60144199-D9A9-4C60-A323-91D1132C1F69}.Release|Any CPU.ActiveCfg = Release|Any CPU
		{60144199-D9A9-4C60-A323-91D1132C1F69}.Release|Any CPU.Build.0 = Release|Any CPU
	EndGlobalSection
	GlobalSection(SolutionProperties) = preSolution
		HideSolutionNode = FALSE
	EndGlobalSection
	GlobalSection(ExtensibilityGlobals) = postSolution
		SolutionGuid = {F7DAD697-111B-4F14-9903-A5062DA78398}
	EndGlobalSection
EndGlobal
