
Microsoft Visual Studio Solution File, Format Version 12.00
# Visual Studio Version 17
VisualStudioVersion = 17.7.34031.279
MinimumVisualStudioVersion = 10.0.40219.1
Project("{FAE04EC0-301F-11D3-BF4B-00C04F79EFBC}") = "While-Loops", "While-Loops\While-Loops.csproj", "{834C344A-0763-4B0B-A90B-D6CBD3FDA34E}"
EndProject
Global
	GlobalSection(SolutionConfigurationPlatforms) = preSolution
		Debug|Any CPU = Debug|Any CPU
		Release|Any CPU = Release|Any CPU
	EndGlobalSection
	GlobalSection(ProjectConfigurationPlatforms) = postSolution
		{834C344A-0763-4B0B-A90B-D6CBD3FDA34E}.Debug|Any CPU.ActiveCfg = Debug|Any CPU
		{834C344A-0763-4B0B-A90B-D6CBD3FDA34E}.Debug|Any CPU.Build.0 = Debug|Any CPU
		{834C344A-0763-4B0B-A90B-D6CBD3FDA34E}.Release|Any CPU.ActiveCfg = Release|Any CPU
		{834C344A-0763-4B0B-A90B-D6CBD3FDA34E}.Release|Any CPU.Build.0 = Release|Any CPU
	EndGlobalSection
	GlobalSection(SolutionProperties) = preSolution
		HideSolutionNode = FALSE
	EndGlobalSection
	GlobalSection(ExtensibilityGlobals) = postSolution
		SolutionGuid = {48CCB496-2BB2-491E-9622-6676533A5E8F}
	EndGlobalSection
EndGlobal
