
Microsoft Visual Studio Solution File, Format Version 12.00
# Visual Studio Version 17
VisualStudioVersion = 17.7.34221.43
MinimumVisualStudioVersion = 10.0.40219.1
Project("{FAE04EC0-301F-11D3-BF4B-00C04F79EFBC}") = "18. Min - Max Values", "18. Min - Max Values\18. Min - Max Values.csproj", "{A1CC6E87-C20C-47E0-8953-FFD7EC2416D8}"
EndProject
Global
	GlobalSection(SolutionConfigurationPlatforms) = preSolution
		Debug|Any CPU = Debug|Any CPU
		Release|Any CPU = Release|Any CPU
	EndGlobalSection
	GlobalSection(ProjectConfigurationPlatforms) = postSolution
		{A1CC6E87-C20C-47E0-8953-FFD7EC2416D8}.Debug|Any CPU.ActiveCfg = Debug|Any CPU
		{A1CC6E87-C20C-47E0-8953-FFD7EC2416D8}.Debug|Any CPU.Build.0 = Debug|Any CPU
		{A1CC6E87-C20C-47E0-8953-FFD7EC2416D8}.Release|Any CPU.ActiveCfg = Release|Any CPU
		{A1CC6E87-C20C-47E0-8953-FFD7EC2416D8}.Release|Any CPU.Build.0 = Release|Any CPU
	EndGlobalSection
	GlobalSection(SolutionProperties) = preSolution
		HideSolutionNode = FALSE
	EndGlobalSection
	GlobalSection(ExtensibilityGlobals) = postSolution
		SolutionGuid = {363D1328-54C4-4A3B-AD3F-2512C4349CD2}
	EndGlobalSection
EndGlobal
