
Microsoft Visual Studio Solution File, Format Version 12.00
# Visual Studio Version 17
VisualStudioVersion = 17.7.34221.43
MinimumVisualStudioVersion = 10.0.40219.1
Project("{FAE04EC0-301F-11D3-BF4B-00C04F79EFBC}") = "14. Sum Factorial Even Digits", "14. Sum Factorial Even Digits\14. Sum Factorial Even Digits.csproj", "{ACE615DF-A5F4-4C56-833B-D4C1A52C796D}"
EndProject
Global
	GlobalSection(SolutionConfigurationPlatforms) = preSolution
		Debug|Any CPU = Debug|Any CPU
		Release|Any CPU = Release|Any CPU
	EndGlobalSection
	GlobalSection(ProjectConfigurationPlatforms) = postSolution
		{ACE615DF-A5F4-4C56-833B-D4C1A52C796D}.Debug|Any CPU.ActiveCfg = Debug|Any CPU
		{ACE615DF-A5F4-4C56-833B-D4C1A52C796D}.Debug|Any CPU.Build.0 = Debug|Any CPU
		{ACE615DF-A5F4-4C56-833B-D4C1A52C796D}.Release|Any CPU.ActiveCfg = Release|Any CPU
		{ACE615DF-A5F4-4C56-833B-D4C1A52C796D}.Release|Any CPU.Build.0 = Release|Any CPU
	EndGlobalSection
	GlobalSection(SolutionProperties) = preSolution
		HideSolutionNode = FALSE
	EndGlobalSection
	GlobalSection(ExtensibilityGlobals) = postSolution
		SolutionGuid = {2EB62C3F-D629-4595-A8D6-7AD5FB3B542D}
	EndGlobalSection
EndGlobal
