
Microsoft Visual Studio Solution File, Format Version 12.00
# Visual Studio Version 17
VisualStudioVersion = 17.7.34202.233
MinimumVisualStudioVersion = 10.0.40219.1
Project("{FAE04EC0-301F-11D3-BF4B-00C04F79EFBC}") = "02. Magic Numbers", "02. Magic Numbers\02. Magic Numbers.csproj", "{554B60BE-F7F8-468A-BA1F-92BC5916DA6E}"
EndProject
Global
	GlobalSection(SolutionConfigurationPlatforms) = preSolution
		Debug|Any CPU = Debug|Any CPU
		Release|Any CPU = Release|Any CPU
	EndGlobalSection
	GlobalSection(ProjectConfigurationPlatforms) = postSolution
		{554B60BE-F7F8-468A-BA1F-92BC5916DA6E}.Debug|Any CPU.ActiveCfg = Debug|Any CPU
		{554B60BE-F7F8-468A-BA1F-92BC5916DA6E}.Debug|Any CPU.Build.0 = Debug|Any CPU
		{554B60BE-F7F8-468A-BA1F-92BC5916DA6E}.Release|Any CPU.ActiveCfg = Release|Any CPU
		{554B60BE-F7F8-468A-BA1F-92BC5916DA6E}.Release|Any CPU.Build.0 = Release|Any CPU
	EndGlobalSection
	GlobalSection(SolutionProperties) = preSolution
		HideSolutionNode = FALSE
	EndGlobalSection
	GlobalSection(ExtensibilityGlobals) = postSolution
		SolutionGuid = {29FD3876-8FDA-433B-9BB8-DBD95196C2EB}
	EndGlobalSection
EndGlobal
