
Microsoft Visual Studio Solution File, Format Version 12.00
# Visual Studio Version 17
VisualStudioVersion = 17.7.34202.233
MinimumVisualStudioVersion = 10.0.40219.1
Project("{FAE04EC0-301F-11D3-BF4B-00C04F79EFBC}") = "11.Multiply Evens by Odds", "11.Multiply Evens by Odds\11.Multiply Evens by Odds.csproj", "{05DE158A-3E84-4ABC-883E-2304198285D2}"
EndProject
Global
	GlobalSection(SolutionConfigurationPlatforms) = preSolution
		Debug|Any CPU = Debug|Any CPU
		Release|Any CPU = Release|Any CPU
	EndGlobalSection
	GlobalSection(ProjectConfigurationPlatforms) = postSolution
		{05DE158A-3E84-4ABC-883E-2304198285D2}.Debug|Any CPU.ActiveCfg = Debug|Any CPU
		{05DE158A-3E84-4ABC-883E-2304198285D2}.Debug|Any CPU.Build.0 = Debug|Any CPU
		{05DE158A-3E84-4ABC-883E-2304198285D2}.Release|Any CPU.ActiveCfg = Release|Any CPU
		{05DE158A-3E84-4ABC-883E-2304198285D2}.Release|Any CPU.Build.0 = Release|Any CPU
	EndGlobalSection
	GlobalSection(SolutionProperties) = preSolution
		HideSolutionNode = FALSE
	EndGlobalSection
	GlobalSection(ExtensibilityGlobals) = postSolution
		SolutionGuid = {5111CA3C-D3CE-4967-9A45-C2B20D445CB8}
	EndGlobalSection
EndGlobal
